
Microsoft Visual Studio Solution File, Format Version 12.00
# Visual Studio Version 17
VisualStudioVersion = 17.1.32407.343
MinimumVisualStudioVersion = 10.0.40219.1
Project("{FAE04EC0-301F-11D3-BF4B-00C04F79EFBC}") = "test_vyborov", "test_vyborov\test_vyborov.csproj", "{4CD7EABF-7797-4FB9-B762-341B3CB46FB1}"
EndProject
Global
	GlobalSection(SolutionConfigurationPlatforms) = preSolution
		Debug|Any CPU = Debug|Any CPU
		Release|Any CPU = Release|Any CPU
	EndGlobalSection
	GlobalSection(ProjectConfigurationPlatforms) = postSolution
		{4CD7EABF-7797-4FB9-B762-341B3CB46FB1}.Debug|Any CPU.ActiveCfg = Debug|Any CPU
		{4CD7EABF-7797-4FB9-B762-341B3CB46FB1}.Debug|Any CPU.Build.0 = Debug|Any CPU
		{4CD7EABF-7797-4FB9-B762-341B3CB46FB1}.Release|Any CPU.ActiveCfg = Release|Any CPU
		{4CD7EABF-7797-4FB9-B762-341B3CB46FB1}.Release|Any CPU.Build.0 = Release|Any CPU
	EndGlobalSection
	GlobalSection(SolutionProperties) = preSolution
		HideSolutionNode = FALSE
	EndGlobalSection
	GlobalSection(ExtensibilityGlobals) = postSolution
		SolutionGuid = {1BD161AD-08E9-48B8-8F06-E32BDCBD4241}
	EndGlobalSection
EndGlobal
